
Microsoft Visual Studio Solution File, Format Version 12.00
# Visual Studio Version 16
VisualStudioVersion = 16.0.29905.134
MinimumVisualStudioVersion = 10.0.40219.1
Project("{FAE04EC0-301F-11D3-BF4B-00C04F79EFBC}") = "dnc-api-1", "dnc-api-1\dnc-api-1.csproj", "{3AA6C5AB-80FB-4991-BA5F-0DFC4D4EC28B}"
EndProject
Global
	GlobalSection(SolutionConfigurationPlatforms) = preSolution
		Debug|Any CPU = Debug|Any CPU
		Release|Any CPU = Release|Any CPU
	EndGlobalSection
	GlobalSection(ProjectConfigurationPlatforms) = postSolution
		{3AA6C5AB-80FB-4991-BA5F-0DFC4D4EC28B}.Debug|Any CPU.ActiveCfg = Debug|Any CPU
		{3AA6C5AB-80FB-4991-BA5F-0DFC4D4EC28B}.Debug|Any CPU.Build.0 = Debug|Any CPU
		{3AA6C5AB-80FB-4991-BA5F-0DFC4D4EC28B}.Release|Any CPU.ActiveCfg = Release|Any CPU
		{3AA6C5AB-80FB-4991-BA5F-0DFC4D4EC28B}.Release|Any CPU.Build.0 = Release|Any CPU
	EndGlobalSection
	GlobalSection(SolutionProperties) = preSolution
		HideSolutionNode = FALSE
	EndGlobalSection
	GlobalSection(ExtensibilityGlobals) = postSolution
		SolutionGuid = {898C9B06-3D9A-4B7B-8C96-9AE7C75547A5}
	EndGlobalSection
EndGlobal
